
Microsoft Visual Studio Solution File, Format Version 12.00
# Visual Studio Version 17
VisualStudioVersion = 17.13.35919.96 d17.13
MinimumVisualStudioVersion = 10.0.40219.1
Project("{FAE04EC0-301F-11D3-BF4B-00C04F79EFBC}") = "BankAccounta", "BankAccounta.csproj", "{326E54E4-663B-4631-A2B0-B19E78234EAA}"
EndProject
Global
	GlobalSection(SolutionConfigurationPlatforms) = preSolution
		Debug|Any CPU = Debug|Any CPU
		Release|Any CPU = Release|Any CPU
	EndGlobalSection
	GlobalSection(ProjectConfigurationPlatforms) = postSolution
		{326E54E4-663B-4631-A2B0-B19E78234EAA}.Debug|Any CPU.ActiveCfg = Debug|Any CPU
		{326E54E4-663B-4631-A2B0-B19E78234EAA}.Debug|Any CPU.Build.0 = Debug|Any CPU
		{326E54E4-663B-4631-A2B0-B19E78234EAA}.Release|Any CPU.ActiveCfg = Release|Any CPU
		{326E54E4-663B-4631-A2B0-B19E78234EAA}.Release|Any CPU.Build.0 = Release|Any CPU
	EndGlobalSection
	GlobalSection(SolutionProperties) = preSolution
		HideSolutionNode = FALSE
	EndGlobalSection
	GlobalSection(ExtensibilityGlobals) = postSolution
		SolutionGuid = {CCA5D585-9D80-4BD2-916D-47CC8EAC2E00}
	EndGlobalSection
EndGlobal
